
Microsoft Visual Studio Solution File, Format Version 12.00
# Visual Studio Version 17
VisualStudioVersion = 17.0.31903.59
MinimumVisualStudioVersion = 10.0.40219.1
Project("{2150E333-8FDC-42A3-9474-1A3956D46DE8}") = "src", "src", "{02EA681E-C7D8-13C7-8484-4AC65E1B71E8}"
EndProject
Project("{2150E333-8FDC-42A3-9474-1A3956D46DE8}") = "Behavioural", "Behavioural", "{D112D76D-3A0A-4094-B9F9-AD5C16D81DAE}"
	ProjectSection(SolutionItems) = preProject
		Behavioural.md = Behavioural.md
	EndProjectSection
EndProject
Project("{FAE04EC0-301F-11D3-BF4B-00C04F79EFBC}") = "Observer.Pattern", "src\Behavioural\Observer.Pattern\Observer.Pattern.csproj", "{267A3DA6-B2F6-4788-B66B-879FF823DA6F}"
EndProject
Project("{2150E333-8FDC-42A3-9474-1A3956D46DE8}") = "Creational", "Creational", "{FB15D5FD-35DA-4178-BE3C-E91DAE90C49E}"
	ProjectSection(SolutionItems) = preProject
		Creational.md = Creational.md
	EndProjectSection
EndProject
Project("{2150E333-8FDC-42A3-9474-1A3956D46DE8}") = "Solution Items", "Solution Items", "{8EC462FD-D22E-90A8-E5CE-7E832BA40C5D}"
	ProjectSection(SolutionItems) = preProject
		README.md = README.md
	EndProjectSection
EndProject
Project("{FAE04EC0-301F-11D3-BF4B-00C04F79EFBC}") = "Simple.Factory", "src\Creational\Simple.Factory\Simple.Factory.csproj", "{1F00848F-CFAE-28AE-DE9E-C4F465C5D4CD}"
EndProject
Project("{FAE04EC0-301F-11D3-BF4B-00C04F79EFBC}") = "Factory.Method", "src\Creational\Factory.Method\Factory.Method.csproj", "{A5277523-1472-7139-AE22-DFFB799C5EAE}"
EndProject
Project("{FAE04EC0-301F-11D3-BF4B-00C04F79EFBC}") = "Singleton.Pattern", "src\Creational\SIngleton.Pattern\Singleton.Pattern.csproj", "{7FB366EF-425D-8FE3-D1A6-21EA2F6C8BFC}"
EndProject
Project("{FAE04EC0-301F-11D3-BF4B-00C04F79EFBC}") = "Abstract.Factory", "src\Creational\Abstract.Factory\Abstract.Factory.csproj", "{C53A6010-FD68-46CF-8042-F17F8E502FAB}"
EndProject
Project("{FAE04EC0-301F-11D3-BF4B-00C04F79EFBC}") = "Prototype.Pattern", "src\Creational\Prototype.Pattern\Prototype.Pattern.csproj", "{8AD11F59-641E-4640-9A5A-265534006E61}"
EndProject
Project("{FAE04EC0-301F-11D3-BF4B-00C04F79EFBC}") = "Builder.Pattern", "src\Creational\Builder.Pattern\Builder.Pattern.csproj", "{CAAC77EC-4544-4302-B4C5-46DB440C6D42}"
EndProject
Project("{FAE04EC0-301F-11D3-BF4B-00C04F79EFBC}") = "Command.Pattern", "src\Behavioural\Command.Pattern\Command.Pattern.csproj", "{2B1CAF45-3229-4EC9-829E-A5EF61909853}"
EndProject
Project("{FAE04EC0-301F-11D3-BF4B-00C04F79EFBC}") = "ChainOfResponsibility.Pattern", "src\Behavioural\ChainOfResponsibility.Pattern\ChainOfResponsibility.Pattern.csproj", "{4FE2E064-C0CC-43ED-8FB6-C13B415F2FFD}"
EndProject
Project("{FAE04EC0-301F-11D3-BF4B-00C04F79EFBC}") = "Iterator.Pattern", "src\Behavioural\Iterator.Pattern\Iterator.Pattern.csproj", "{5EAF55A5-19F0-4931-89A8-B90AD4E6EF2B}"
EndProject
Project("{FAE04EC0-301F-11D3-BF4B-00C04F79EFBC}") = "Template.Pattern", "src\Behavioural\Template.Pattern\Template.Pattern.csproj", "{0C74560C-C1CC-40E4-BC7A-B33C701F5C8E}"
EndProject
Project("{FAE04EC0-301F-11D3-BF4B-00C04F79EFBC}") = "Strategy.Pattern", "src\Behavioural\Strategy.Pattern\Strategy.Pattern.csproj", "{1F6F42EB-C4B5-44E4-ACA3-A2D93577B811}"
EndProject
Project("{2150E333-8FDC-42A3-9474-1A3956D46DE8}") = "Structural", "Structural", "{98C69EA5-26A3-4A89-92CB-9DF8628E06AF}"
	ProjectSection(SolutionItems) = preProject
		Structural.md = Structural.md
	EndProjectSection
EndProject
Project("{FAE04EC0-301F-11D3-BF4B-00C04F79EFBC}") = "Adapter.Pattern", "src\Structural\Adapter.Pattern\Adapter.Pattern.csproj", "{D112515C-D52E-44FC-A26C-894A220F8785}"
EndProject
Project("{FAE04EC0-301F-11D3-BF4B-00C04F79EFBC}") = "Decorator.Pattern", "src\Structural\Decorator.Pattern\Decorator.Pattern.csproj", "{C13B35DF-23A0-4936-9D8A-9FDEF2428030}"
EndProject
Project("{FAE04EC0-301F-11D3-BF4B-00C04F79EFBC}") = "Bridge.Pattern", "src\Structural\Bridge.Pattern\Bridge.Pattern.csproj", "{16974EAA-B579-750B-92E4-D82309ED1D09}"
EndProject
Project("{FAE04EC0-301F-11D3-BF4B-00C04F79EFBC}") = "Composite.Pattern", "src\Structural\Composite.Pattern\Composite.Pattern.csproj", "{7F7E72AE-99BC-4A75-AF25-07219C00EDE2}"
EndProject
Project("{FAE04EC0-301F-11D3-BF4B-00C04F79EFBC}") = "Facade.Pattern", "src\Structural\Facade.Pattern\Facade.Pattern.csproj", "{23F5A6B1-BCE5-4812-A00A-389D14BBE991}"
EndProject
Project("{FAE04EC0-301F-11D3-BF4B-00C04F79EFBC}") = "Proxy.Pattern", "src\Structural\Proxy.Pattern\Proxy.Pattern.csproj", "{66B751A1-6DE3-4C76-9690-8CBCE749F10D}"
EndProject
Global
	GlobalSection(SolutionConfigurationPlatforms) = preSolution
		Debug|Any CPU = Debug|Any CPU
		Release|Any CPU = Release|Any CPU
	EndGlobalSection
	GlobalSection(ProjectConfigurationPlatforms) = postSolution
		{267A3DA6-B2F6-4788-B66B-879FF823DA6F}.Debug|Any CPU.ActiveCfg = Debug|Any CPU
		{267A3DA6-B2F6-4788-B66B-879FF823DA6F}.Debug|Any CPU.Build.0 = Debug|Any CPU
		{267A3DA6-B2F6-4788-B66B-879FF823DA6F}.Release|Any CPU.ActiveCfg = Release|Any CPU
		{267A3DA6-B2F6-4788-B66B-879FF823DA6F}.Release|Any CPU.Build.0 = Release|Any CPU
		{1F00848F-CFAE-28AE-DE9E-C4F465C5D4CD}.Debug|Any CPU.ActiveCfg = Debug|Any CPU
		{1F00848F-CFAE-28AE-DE9E-C4F465C5D4CD}.Debug|Any CPU.Build.0 = Debug|Any CPU
		{1F00848F-CFAE-28AE-DE9E-C4F465C5D4CD}.Release|Any CPU.ActiveCfg = Release|Any CPU
		{1F00848F-CFAE-28AE-DE9E-C4F465C5D4CD}.Release|Any CPU.Build.0 = Release|Any CPU
		{A5277523-1472-7139-AE22-DFFB799C5EAE}.Debug|Any CPU.ActiveCfg = Debug|Any CPU
		{A5277523-1472-7139-AE22-DFFB799C5EAE}.Debug|Any CPU.Build.0 = Debug|Any CPU
		{A5277523-1472-7139-AE22-DFFB799C5EAE}.Release|Any CPU.ActiveCfg = Release|Any CPU
		{A5277523-1472-7139-AE22-DFFB799C5EAE}.Release|Any CPU.Build.0 = Release|Any CPU
		{7FB366EF-425D-8FE3-D1A6-21EA2F6C8BFC}.Debug|Any CPU.ActiveCfg = Debug|Any CPU
		{7FB366EF-425D-8FE3-D1A6-21EA2F6C8BFC}.Debug|Any CPU.Build.0 = Debug|Any CPU
		{7FB366EF-425D-8FE3-D1A6-21EA2F6C8BFC}.Release|Any CPU.ActiveCfg = Release|Any CPU
		{7FB366EF-425D-8FE3-D1A6-21EA2F6C8BFC}.Release|Any CPU.Build.0 = Release|Any CPU
		{C53A6010-FD68-46CF-8042-F17F8E502FAB}.Debug|Any CPU.ActiveCfg = Debug|Any CPU
		{C53A6010-FD68-46CF-8042-F17F8E502FAB}.Debug|Any CPU.Build.0 = Debug|Any CPU
		{C53A6010-FD68-46CF-8042-F17F8E502FAB}.Release|Any CPU.ActiveCfg = Release|Any CPU
		{C53A6010-FD68-46CF-8042-F17F8E502FAB}.Release|Any CPU.Build.0 = Release|Any CPU
		{8AD11F59-641E-4640-9A5A-265534006E61}.Debug|Any CPU.ActiveCfg = Debug|Any CPU
		{8AD11F59-641E-4640-9A5A-265534006E61}.Debug|Any CPU.Build.0 = Debug|Any CPU
		{8AD11F59-641E-4640-9A5A-265534006E61}.Release|Any CPU.ActiveCfg = Release|Any CPU
		{8AD11F59-641E-4640-9A5A-265534006E61}.Release|Any CPU.Build.0 = Release|Any CPU
		{CAAC77EC-4544-4302-B4C5-46DB440C6D42}.Debug|Any CPU.ActiveCfg = Debug|Any CPU
		{CAAC77EC-4544-4302-B4C5-46DB440C6D42}.Debug|Any CPU.Build.0 = Debug|Any CPU
		{CAAC77EC-4544-4302-B4C5-46DB440C6D42}.Release|Any CPU.ActiveCfg = Release|Any CPU
		{CAAC77EC-4544-4302-B4C5-46DB440C6D42}.Release|Any CPU.Build.0 = Release|Any CPU
		{2B1CAF45-3229-4EC9-829E-A5EF61909853}.Debug|Any CPU.ActiveCfg = Debug|Any CPU
		{2B1CAF45-3229-4EC9-829E-A5EF61909853}.Debug|Any CPU.Build.0 = Debug|Any CPU
		{2B1CAF45-3229-4EC9-829E-A5EF61909853}.Release|Any CPU.ActiveCfg = Release|Any CPU
		{2B1CAF45-3229-4EC9-829E-A5EF61909853}.Release|Any CPU.Build.0 = Release|Any CPU
		{4FE2E064-C0CC-43ED-8FB6-C13B415F2FFD}.Debug|Any CPU.ActiveCfg = Debug|Any CPU
		{4FE2E064-C0CC-43ED-8FB6-C13B415F2FFD}.Debug|Any CPU.Build.0 = Debug|Any CPU
		{4FE2E064-C0CC-43ED-8FB6-C13B415F2FFD}.Release|Any CPU.ActiveCfg = Release|Any CPU
		{4FE2E064-C0CC-43ED-8FB6-C13B415F2FFD}.Release|Any CPU.Build.0 = Release|Any CPU
		{5EAF55A5-19F0-4931-89A8-B90AD4E6EF2B}.Debug|Any CPU.ActiveCfg = Debug|Any CPU
		{5EAF55A5-19F0-4931-89A8-B90AD4E6EF2B}.Debug|Any CPU.Build.0 = Debug|Any CPU
		{5EAF55A5-19F0-4931-89A8-B90AD4E6EF2B}.Release|Any CPU.ActiveCfg = Release|Any CPU
		{5EAF55A5-19F0-4931-89A8-B90AD4E6EF2B}.Release|Any CPU.Build.0 = Release|Any CPU
		{0C74560C-C1CC-40E4-BC7A-B33C701F5C8E}.Debug|Any CPU.ActiveCfg = Debug|Any CPU
		{0C74560C-C1CC-40E4-BC7A-B33C701F5C8E}.Debug|Any CPU.Build.0 = Debug|Any CPU
		{0C74560C-C1CC-40E4-BC7A-B33C701F5C8E}.Release|Any CPU.ActiveCfg = Release|Any CPU
		{0C74560C-C1CC-40E4-BC7A-B33C701F5C8E}.Release|Any CPU.Build.0 = Release|Any CPU
		{1F6F42EB-C4B5-44E4-ACA3-A2D93577B811}.Debug|Any CPU.ActiveCfg = Debug|Any CPU
		{1F6F42EB-C4B5-44E4-ACA3-A2D93577B811}.Debug|Any CPU.Build.0 = Debug|Any CPU
		{1F6F42EB-C4B5-44E4-ACA3-A2D93577B811}.Release|Any CPU.ActiveCfg = Release|Any CPU
		{1F6F42EB-C4B5-44E4-ACA3-A2D93577B811}.Release|Any CPU.Build.0 = Release|Any CPU
		{D112515C-D52E-44FC-A26C-894A220F8785}.Debug|Any CPU.ActiveCfg = Debug|Any CPU
		{D112515C-D52E-44FC-A26C-894A220F8785}.Debug|Any CPU.Build.0 = Debug|Any CPU
		{D112515C-D52E-44FC-A26C-894A220F8785}.Release|Any CPU.ActiveCfg = Release|Any CPU
		{D112515C-D52E-44FC-A26C-894A220F8785}.Release|Any CPU.Build.0 = Release|Any CPU
		{C13B35DF-23A0-4936-9D8A-9FDEF2428030}.Debug|Any CPU.ActiveCfg = Debug|Any CPU
		{C13B35DF-23A0-4936-9D8A-9FDEF2428030}.Debug|Any CPU.Build.0 = Debug|Any CPU
		{C13B35DF-23A0-4936-9D8A-9FDEF2428030}.Release|Any CPU.ActiveCfg = Release|Any CPU
		{C13B35DF-23A0-4936-9D8A-9FDEF2428030}.Release|Any CPU.Build.0 = Release|Any CPU
		{16974EAA-B579-750B-92E4-D82309ED1D09}.Debug|Any CPU.ActiveCfg = Debug|Any CPU
		{16974EAA-B579-750B-92E4-D82309ED1D09}.Debug|Any CPU.Build.0 = Debug|Any CPU
		{16974EAA-B579-750B-92E4-D82309ED1D09}.Release|Any CPU.ActiveCfg = Release|Any CPU
		{16974EAA-B579-750B-92E4-D82309ED1D09}.Release|Any CPU.Build.0 = Release|Any CPU
		{7F7E72AE-99BC-4A75-AF25-07219C00EDE2}.Debug|Any CPU.ActiveCfg = Debug|Any CPU
		{7F7E72AE-99BC-4A75-AF25-07219C00EDE2}.Debug|Any CPU.Build.0 = Debug|Any CPU
		{7F7E72AE-99BC-4A75-AF25-07219C00EDE2}.Release|Any CPU.ActiveCfg = Release|Any CPU
		{7F7E72AE-99BC-4A75-AF25-07219C00EDE2}.Release|Any CPU.Build.0 = Release|Any CPU
		{23F5A6B1-BCE5-4812-A00A-389D14BBE991}.Debug|Any CPU.ActiveCfg = Debug|Any CPU
		{23F5A6B1-BCE5-4812-A00A-389D14BBE991}.Debug|Any CPU.Build.0 = Debug|Any CPU
		{23F5A6B1-BCE5-4812-A00A-389D14BBE991}.Release|Any CPU.ActiveCfg = Release|Any CPU
		{23F5A6B1-BCE5-4812-A00A-389D14BBE991}.Release|Any CPU.Build.0 = Release|Any CPU
		{66B751A1-6DE3-4C76-9690-8CBCE749F10D}.Debug|Any CPU.ActiveCfg = Debug|Any CPU
		{66B751A1-6DE3-4C76-9690-8CBCE749F10D}.Debug|Any CPU.Build.0 = Debug|Any CPU
		{66B751A1-6DE3-4C76-9690-8CBCE749F10D}.Release|Any CPU.ActiveCfg = Release|Any CPU
		{66B751A1-6DE3-4C76-9690-8CBCE749F10D}.Release|Any CPU.Build.0 = Release|Any CPU
	EndGlobalSection
	GlobalSection(SolutionProperties) = preSolution
		HideSolutionNode = FALSE
	EndGlobalSection
	GlobalSection(NestedProjects) = preSolution
		{D112D76D-3A0A-4094-B9F9-AD5C16D81DAE} = {02EA681E-C7D8-13C7-8484-4AC65E1B71E8}
		{267A3DA6-B2F6-4788-B66B-879FF823DA6F} = {D112D76D-3A0A-4094-B9F9-AD5C16D81DAE}
		{FB15D5FD-35DA-4178-BE3C-E91DAE90C49E} = {02EA681E-C7D8-13C7-8484-4AC65E1B71E8}
		{1F00848F-CFAE-28AE-DE9E-C4F465C5D4CD} = {FB15D5FD-35DA-4178-BE3C-E91DAE90C49E}
		{A5277523-1472-7139-AE22-DFFB799C5EAE} = {FB15D5FD-35DA-4178-BE3C-E91DAE90C49E}
		{7FB366EF-425D-8FE3-D1A6-21EA2F6C8BFC} = {FB15D5FD-35DA-4178-BE3C-E91DAE90C49E}
		{C53A6010-FD68-46CF-8042-F17F8E502FAB} = {FB15D5FD-35DA-4178-BE3C-E91DAE90C49E}
		{8AD11F59-641E-4640-9A5A-265534006E61} = {FB15D5FD-35DA-4178-BE3C-E91DAE90C49E}
		{CAAC77EC-4544-4302-B4C5-46DB440C6D42} = {FB15D5FD-35DA-4178-BE3C-E91DAE90C49E}
		{2B1CAF45-3229-4EC9-829E-A5EF61909853} = {D112D76D-3A0A-4094-B9F9-AD5C16D81DAE}
		{4FE2E064-C0CC-43ED-8FB6-C13B415F2FFD} = {D112D76D-3A0A-4094-B9F9-AD5C16D81DAE}
		{5EAF55A5-19F0-4931-89A8-B90AD4E6EF2B} = {D112D76D-3A0A-4094-B9F9-AD5C16D81DAE}
		{0C74560C-C1CC-40E4-BC7A-B33C701F5C8E} = {D112D76D-3A0A-4094-B9F9-AD5C16D81DAE}
		{1F6F42EB-C4B5-44E4-ACA3-A2D93577B811} = {D112D76D-3A0A-4094-B9F9-AD5C16D81DAE}
		{98C69EA5-26A3-4A89-92CB-9DF8628E06AF} = {02EA681E-C7D8-13C7-8484-4AC65E1B71E8}
		{D112515C-D52E-44FC-A26C-894A220F8785} = {98C69EA5-26A3-4A89-92CB-9DF8628E06AF}
		{C13B35DF-23A0-4936-9D8A-9FDEF2428030} = {98C69EA5-26A3-4A89-92CB-9DF8628E06AF}
		{16974EAA-B579-750B-92E4-D82309ED1D09} = {98C69EA5-26A3-4A89-92CB-9DF8628E06AF}
		{7F7E72AE-99BC-4A75-AF25-07219C00EDE2} = {98C69EA5-26A3-4A89-92CB-9DF8628E06AF}
		{23F5A6B1-BCE5-4812-A00A-389D14BBE991} = {98C69EA5-26A3-4A89-92CB-9DF8628E06AF}
		{66B751A1-6DE3-4C76-9690-8CBCE749F10D} = {98C69EA5-26A3-4A89-92CB-9DF8628E06AF}
	EndGlobalSection
	GlobalSection(ExtensibilityGlobals) = postSolution
		SolutionGuid = {215531E4-9DE8-40C7-BF30-32406A6BD0BB}
	EndGlobalSection
EndGlobal
